Microsoft Visual Studio Solution File, Format Version 12.00
# Visual Studio Version 17
VisualStudioVersion = 17.5.2.0
MinimumVisualStudioVersion = 10.0.40219.1
Project("{FAE04EC0-301F-11D3-BF4B-00C04F79EFBC}") = "RealEstateManagementSystem", "RealEstateManagementSystem.csproj", "{6AD56880-F15E-048F-0D9F-C28A1017D834}"
EndProject
Global
	GlobalSection(SolutionConfigurationPlatforms) = preSolution
		Debug|Any CPU = Debug|Any CPU
		Release|Any CPU = Release|Any CPU
	EndGlobalSection
	GlobalSection(ProjectConfigurationPlatforms) = postSolution
		{6AD56880-F15E-048F-0D9F-C28A1017D834}.Debug|Any CPU.ActiveCfg = Debug|Any CPU
		{6AD56880-F15E-048F-0D9F-C28A1017D834}.Debug|Any CPU.Build.0 = Debug|Any CPU
		{6AD56880-F15E-048F-0D9F-C28A1017D834}.Release|Any CPU.ActiveCfg = Release|Any CPU
		{6AD56880-F15E-048F-0D9F-C28A1017D834}.Release|Any CPU.Build.0 = Release|Any CPU
	EndGlobalSection
	GlobalSection(SolutionProperties) = preSolution
		HideSolutionNode = FALSE
	EndGlobalSection
	GlobalSection(ExtensibilityGlobals) = postSolution
		SolutionGuid = {6D0DB836-0793-4F91-B386-6281C147CCE2}
	EndGlobalSection
EndGlobal
